<?xml version="1.0" encoding="utf-8"?>
<Project ToolsVersion="4.0" xmlns="http://schemas.microsoft.com/developer/msbuild/2003">
  <ItemGroup>
    <Filter Include="Source Files">
      <UniqueIdentifier>{4FC737F1-C7A5-4376-A066-2A32D752A2FF}</UniqueIdentifier>
      <Extensions>cpp;c;cc;cxx;c++;cppm;ixx;def;odl;idl;hpj;bat;asm;asmx</Extensions>
    </Filter>
    <Filter Include="Header Files">
      <UniqueIdentifier>{93995380-89BD-4b04-88EB-625FBE52EBFB}</UniqueIdentifier>
      <Extensions>h;hh;hpp;hxx;h++;hm;inl;inc;ipp;xsd</Extensions>
    </Filter>
    <Filter Include="Resource Files">
      <UniqueIdentifier>{67DA6AB6-F800-4c08-8B7A-83BB121AAD01}</UniqueIdentifier>
      <Extensions>rc;ico;cur;bmp;dlg;rc2;rct;bin;rgs;gif;jpg;jpeg;jpe;resx;tiff;tif;png;wav;mfcribbon-ms</Extensions>
    </Filter>
  </ItemGroup>
  <ItemGroup>
    <ClCompile Include="src\main.cpp">
      <Filter>Source Files</Filter>
    </ClCompile>
    <ClCompile Include="src\Application.cpp">
      <Filter>Source Files</Filter>
    </ClCompile>
    <ClCompile Include="src\UI\Theme.cpp">
      <Filter>Source Files</Filter>
    </ClCompile>
    <ClCompile Include="src\UI\MainWindow.cpp">
      <Filter>Source Files</Filter>
    </ClCompile>
    <ClCompile Include="src\UI\Tabs\JTAGPortTab.cpp">
      <Filter>Source Files</Filter>
    </ClCompile>
    <ClCompile Include="src\UI\Tabs\JTAGFlashTab.cpp">
      <Filter>Source Files</Filter>
    </ClCompile>
    <ClCompile Include="src\UI\Tabs\DataPortTab.cpp">
      <Filter>Source Files</Filter>
    </ClCompile>
    <ClCompile Include="src\Backend\ProjectManager.cpp">
      <Filter>Source Files</Filter>
    </ClCompile>
    <ClCompile Include="src\Backend\DMAInterface.cpp">
      <Filter>Source Files</Filter>
    </ClCompile>
    <ClCompile Include="src\Backend\JTAGInterface.cpp">
      <Filter>Source Files</Filter>
    </ClCompile>
    <ClCompile Include="vendor\imgui\imgui.cpp">
      <Filter>Source Files</Filter>
    </ClCompile>
    <ClCompile Include="vendor\imgui\imgui_demo.cpp">
      <Filter>Source Files</Filter>
    </ClCompile>
    <ClCompile Include="vendor\imgui\imgui_draw.cpp">
      <Filter>Source Files</Filter>
    </ClCompile>
    <ClCompile Include="vendor\imgui\imgui_tables.cpp">
      <Filter>Source Files</Filter>
    </ClCompile>
    <ClCompile Include="vendor\imgui\imgui_widgets.cpp">
      <Filter>Source Files</Filter>
    </ClCompile>
    <ClCompile Include="vendor\imgui\backends\imgui_impl_win32.cpp">
      <Filter>Source Files</Filter>
    </ClCompile>
    <ClCompile Include="vendor\imgui\backends\imgui_impl_dx11.cpp">
      <Filter>Source Files</Filter>
    </ClCompile>
    <ClCompile Include="src\Backend\OpenOCDInterface.cpp">
      <Filter>Source Files</Filter>
    </ClCompile>
    <ClCompile Include="src\Backend\BenchmarkInterface.cpp">
      <Filter>Source Files</Filter>
    </ClCompile>
    <ClCompile Include="src\Backend\FT601DriverInterface.cpp">
      <Filter>Source Files</Filter>
    </ClCompile>
    <ClCompile Include="src\Backend\LeechCoreWrapper.cpp">
      <Filter>Source Files</Filter>
    </ClCompile>
    <ClCompile Include="src\Util\ResourceExtractor.cpp">
      <Filter>Source Files</Filter>
    </ClCompile>
    <ClCompile Include="src\Backend\FlashInterface.cpp">
      <Filter>Source Files</Filter>
    </ClCompile>
    <ClCompile Include="src\Util\TempDirectoryManager.cpp">
      <Filter>Source Files</Filter>
    </ClCompile>
  </ItemGroup>
  <ItemGroup>
    <ClInclude Include="src\Application.h">
      <Filter>Header Files</Filter>
    </ClInclude>
    <ClInclude Include="src\UI\Theme.h">
      <Filter>Header Files</Filter>
    </ClInclude>
    <ClInclude Include="src\UI\MainWindow.h">
      <Filter>Header Files</Filter>
    </ClInclude>
    <ClInclude Include="src\UI\Tabs\JTAGPortTab.h">
      <Filter>Header Files</Filter>
    </ClInclude>
    <ClInclude Include="src\UI\Tabs\JTAGFlashTab.h">
      <Filter>Header Files</Filter>
    </ClInclude>
    <ClInclude Include="src\UI\Tabs\DataPortTab.h">
      <Filter>Header Files</Filter>
    </ClInclude>
    <ClInclude Include="src\Backend\ProjectManager.h">
      <Filter>Header Files</Filter>
    </ClInclude>
    <ClInclude Include="src\Backend\DMAInterface.h">
      <Filter>Header Files</Filter>
    </ClInclude>
    <ClInclude Include="src\Backend\JTAGInterface.h">
      <Filter>Header Files</Filter>
    </ClInclude>
    <ClInclude Include="src\Backend\OpenOCDInterface.h">
      <Filter>Header Files</Filter>
    </ClInclude>
    <ClInclude Include="src\resource.h">
      <Filter>Header Files</Filter>
    </ClInclude>
    <ClInclude Include="src\Backend\BenchmarkInterface.h">
      <Filter>Header Files</Filter>
    </ClInclude>
    <ClInclude Include="src\Backend\FT601DriverInterface.h">
      <Filter>Header Files</Filter>
    </ClInclude>
    <ClInclude Include="src\Backend\LeechCoreWrapper.h">
      <Filter>Header Files</Filter>
    </ClInclude>
    <ClInclude Include="src\Util\ResourceExtractor.h">
      <Filter>Header Files</Filter>
    </ClInclude>
    <ClInclude Include="src\Backend\FlashInterface.h">
      <Filter>Header Files</Filter>
    </ClInclude>
    <ClInclude Include="src\Util\TempDirectoryManager.h">
      <Filter>Header Files</Filter>
    </ClInclude>
  </ItemGroup>
  <ItemGroup>
    <None Include="README.md" />
    <None Include=".gitignore" />
    <None Include="docs\DNA_ID_TAB_COMPLETE.md" />
    <None Include="docs\ARCHITECTURE.md" />
    <None Include="docs\BUILD_INSTRUCTIONS.md" />
    <None Include="docs\TROUBLESHOOTING.md" />
    <None Include="docs\DNA_ID_STATUS.md" />
    <None Include="docs\DMA_TESTING_GUIDE.md" />
    <None Include="scripts\Setup-PCILeech.ps1" />
    <None Include="docs\DMA_BENCHMARKING_GUIDE.md" />
    <None Include="docs\BENCHMARK_TAB_SPEC.md" />
    <None Include="docs\BENCHMARK_DOCUMENTATION_SUMMARY.md" />
    <None Include="QUICK_REFERENCE.md" />
    <None Include="docs\PERFORMANCE_RATINGS.md" />
    <None Include="scripts\Quick-DMA-Test.ps1" />
    <None Include="docs\75T_TEST_RESULTS.md" />
    <None Include="docs\BENCHMARK_TAB_FINAL_FIXES.md" />
    <None Include="docs\BENCHMARK_TAB_IMPROVEMENTS.md" />
    <None Include="docs\BENCHMARK_UI_FIXES.md" />
    <None Include="docs\FT601_DRIVER_EMBEDDING.md" />
    <None Include="docs\FT601_DRIVER_MANAGEMENT_COMPLETE.md" />
    <None Include="docs\FT601_DRIVER_PANEL.md" />
    <None Include="docs\MANUAL_RC_UPDATE_REQUIRED.md" />
    <None Include="docs\STRESS_TEST_DURATION_FIX.md" />
    <None Include="docs\STRESS_TEST_IMPLEMENTATION.md" />
    <None Include="docs\TEST_RESULTS_LAYOUT_CONSISTENCY.md" />
    <None Include="docs\FT601_DRIVER_FINAL_FIXES.md" />
    <None Include="docs\FT601_DRIVER_POPUP_AND_UNINSTALL_FIX.md" />
    <None Include="docs\FTDI_DRIVER_UNINSTALL_FIX.md" />
    <None Include="docs\FTDI_DRIVER_NON_BLOCKING_OPERATIONS.md" />
    <None Include="docs\FT601_DRIVER_PROGRESS_CALLBACKS.md" />
    <None Include="docs\DATA_PORT_TAB_LAYOUT_UPDATE.md" />
    <None Include="docs\UI_LAYOUT_CONSISTENCY_FIXES.md" />
    <None Include="docs\UI_SPACING_FIXES_FINAL.md" />
    <None Include="docs\FTDI_DRIVER_PERFORMANCE_ANALYSIS.md" />
    <None Include="docs\FTDI_CHECK_BUTTON_RESTORED.md" />
    <None Include="docs\BENCHMARK_PANEL_HEIGHT_ADJUSTMENTS.md" />
    <None Include="docs\CONSOLE_LOG_SPACING_AND_VERTICAL_RESIZER.md" />
    <None Include="docs\HORIZONTAL_RESIZER_UPDATE.md" />
    <None Include="docs\HORIZONTAL_RESIZER_FINAL.md" />
    <None Include="docs\JTAG_PORT_TAB_ID_STACK_FIX.md" />
    <None Include="docs\JTAG_PORT_TAB_IMPROVEMENTS.md" />
    <None Include="docs\XC7A75T_SUPPORT_ADDED.md" />
    <None Include="docs\DMA_FLASH_GUIDE.md" />
    <None Include="scripts\Test-FPGAFlash.ps1" />
    <None Include="docs\FLASH_TESTING_QUICK_REF.md" />
    <None Include="docs\FLASH_IMPLEMENTATION_SUMMARY.md" />
    <None Include="scripts\Test-OpenOCD-Simple.ps1" />
    <None Include="docs\OPENOCD_FLASH_PROGRESS.md" />
    <None Include="scripts\Sync-OpenOCD-Files.ps1" />
    <None Include="scripts\Compare-OpenOCD-Installations.ps1" />
    <None Include="scripts\Compare-CH347-Full.ps1" />
    <None Include="scripts\Test-Flash-Debug.ps1" />
    <None Include="scripts\Test-Flash-Slow.ps1" />
    <None Include="scripts\Test-Flash-Working.ps1" />
    <None Include="scripts\Verify-Flash.ps1" />
    <None Include="scripts\Test-DeviceMasking.ps1" />
    <None Include="docs\FLASH_TAB_IMPLEMENTATION_COMPLETE.md" />
    <None Include="docs\FLASH_DETECTION_TROUBLESHOOTING.md" />
    <None Include="scripts\Add-BSCAN-Resources.ps1" />
    <None Include="scripts\Verify-Resources.ps1" />
    <None Include="scripts\Update-DMATool-RC.ps1" />
    <None Include="docs\RESOURCE_EMBEDDING_COMPLETE.md" />
    <None Include="scripts\Fix-OpenOCD-Version.ps1" />
    <None Include="docs\OPENOCD_VERSION_FIX.md" />
    <None Include="scripts\Fix-RC-Paths.ps1" />
    <None Include="scripts\Verify-Flash-Resources.ps1" />
    <None Include="docs\FLASH_RESOURCES_PATH_VERIFICATION.md" />
    <None Include="docs\OPENOCD_CONFIG_PATH_FIX.md" />
    <None Include="docs\DNA_EXTRACTION_FIX.md" />
    <None Include="scripts\Add-TempDirectoryManager.ps1" />
  </ItemGroup>
  <ItemGroup>
    <ResourceCompile Include="DMATool.rc">
      <Filter>Resource Files</Filter>
    </ResourceCompile>
  </ItemGroup>
</Project>