<?xml version="1.0" encoding="utf-8"?>
<Project ToolsVersion="4.0" xmlns="http://schemas.microsoft.com/developer/msbuild/2003">
  <ItemGroup>
    <Filter Include="Source Files">
      <UniqueIdentifier>{4FC737F1-C7A5-4376-A066-2A32D752A2FF}</UniqueIdentifier>
      <Extensions>cpp;c;cc;cxx;def;odl;idl;hpj;bat;asm;asmx</Extensions>
    </Filter>
    <Filter Include="Header Files">
      <UniqueIdentifier>{93995380-89BD-4b04-88EB-625FBE52EBFB}</UniqueIdentifier>
      <Extensions>h;hpp;hxx;hm;inl;inc;xsd</Extensions>
    </Filter>
    <Filter Include="Resource Files">
      <UniqueIdentifier>{67DA6AB6-F800-4c08-8B7A-83BB121AAD01}</UniqueIdentifier>
      <Extensions>rc;ico;cur;bmp;dlg;rc2;rct;bin;rgs;gif;jpg;jpeg;jpe;resx;tiff;tif;png;wav;mfcribbon-ms</Extensions>
    </Filter>
    <Filter Include="x64">
      <UniqueIdentifier>{b5d7f3c0-e1c2-4624-bf3b-1e22dc6930a2}</UniqueIdentifier>
    </Filter>
    <Filter Include="x86">
      <UniqueIdentifier>{d04a1aa0-3896-4a2b-8cfd-275feca4429e}</UniqueIdentifier>
    </Filter>
    <Filter Include="ARM64">
      <UniqueIdentifier>{f98c9a38-f042-4b0c-bb19-95ee994c0cf5}</UniqueIdentifier>
    </Filter>
  </ItemGroup>
  <ItemGroup>
    <Text Include="ReadMe.txt" />
  </ItemGroup>
  <ItemGroup>
    <ClInclude Include="stdafx.h">
      <Filter>Header Files</Filter>
    </ClInclude>
    <ClInclude Include="targetver.h">
      <Filter>Header Files</Filter>
    </ClInclude>
    <ClInclude Include="..\sources\FTD3XX_Test.h">
      <Filter>Header Files</Filter>
    </ClInclude>
    <ClInclude Include="..\sources\FTD3XX_Logger.h">
      <Filter>Header Files</Filter>
    </ClInclude>
    <ClInclude Include="..\..\..\WU_FTD3XXLib\Lib\FTD3XX.h">
      <Filter>Header Files</Filter>
    </ClInclude>
  </ItemGroup>
  <ItemGroup>
    <ClCompile Include="stdafx.cpp">
      <Filter>Source Files</Filter>
    </ClCompile>
    <ClCompile Include="..\sources\FTD3XX_DemoApplication.cpp">
      <Filter>Source Files</Filter>
    </ClCompile>
    <ClCompile Include="..\sources\FTD3XX_Descriptors.cpp">
      <Filter>Source Files</Filter>
    </ClCompile>
    <ClCompile Include="..\sources\FTD3XX_LoopbackTransfers.cpp">
      <Filter>Source Files</Filter>
    </ClCompile>
    <ClCompile Include="..\sources\FTD3XX_OpenClose.cpp">
      <Filter>Source Files</Filter>
    </ClCompile>
    <ClCompile Include="..\sources\FTD3XX_ChipConfiguration.cpp">
      <Filter>Source Files</Filter>
    </ClCompile>
    <ClCompile Include="..\sources\FTD3XX_NotificationData.cpp">
      <Filter>Source Files</Filter>
    </ClCompile>
    <ClCompile Include="..\sources\FTD3XX_HotPlug.cpp">
      <Filter>Source Files</Filter>
    </ClCompile>
    <ClCompile Include="..\sources\FTD3XX_MultipleDevices.cpp">
      <Filter>Source Files</Filter>
    </ClCompile>
    <ClCompile Include="..\sources\FTD3XX_Logger.cpp">
      <Filter>Source Files</Filter>
    </ClCompile>
    <ClCompile Include="..\sources\FTD3XX_SuspendTimeout.cpp">
      <Filter>Source Files</Filter>
    </ClCompile>
    <ClCompile Include="..\sources\FTD3XX_GPIO.cpp">
      <Filter>Source Files</Filter>
    </ClCompile>
    <ClCompile Include="..\sources\FTD3XX_rwTimeout.cpp">
      <Filter>Source Files</Filter>
    </ClCompile>
    <ClCompile Include="..\sources\FTD3XX_BatteryCharging.cpp">
      <Filter>Source Files</Filter>
    </ClCompile>
  </ItemGroup>
  <ItemGroup>
    <Library Include="..\..\..\WU_FTD3XXLib\Lib\Dynamic\ARM64\FTD3XXWU.lib">
      <Filter>ARM64</Filter>
    </Library>
    <Library Include="..\..\..\WU_FTD3XXLib\Lib\Dynamic\x64\FTD3XXWU.lib">
      <Filter>x64</Filter>
    </Library>
    <Library Include="..\..\..\WU_FTD3XXLib\Lib\Dynamic\x86\FTD3XXWU.lib">
      <Filter>x86</Filter>
    </Library>
  </ItemGroup>
</Project>