<?xml version="1.0" encoding="utf-8"?>
<Project ToolsVersion="4.0" xmlns="http://schemas.microsoft.com/developer/msbuild/2003">
  <ItemGroup>
    <Filter Include="Source Files">
      <UniqueIdentifier>{4FC737F1-C7A5-4376-A066-2A32D752A2FF}</UniqueIdentifier>
      <Extensions>cpp;c;cc;cxx;def;odl;idl;hpj;bat;asm;asmx</Extensions>
    </Filter>
    <Filter Include="Header Files">
      <UniqueIdentifier>{93995380-89BD-4b04-88EB-625FBE52EBFB}</UniqueIdentifier>
      <Extensions>h;hpp;hxx;hm;inl;inc;xsd</Extensions>
    </Filter>
    <Filter Include="Resource Files">
      <UniqueIdentifier>{67DA6AB6-F800-4c08-8B7A-83BB121AAD01}</UniqueIdentifier>
      <Extensions>rc;ico;cur;bmp;dlg;rc2;rct;bin;rgs;gif;jpg;jpeg;jpe;resx;tiff;tif;png;wav;mfcribbon-ms</Extensions>
    </Filter>
    <Filter Include="Header Files\Application">
      <UniqueIdentifier>{22e67be7-64f7-4e11-ab66-306777e9b517}</UniqueIdentifier>
    </Filter>
    <Filter Include="Source Files\Application">
      <UniqueIdentifier>{9108a691-1609-42df-8a6f-658ee270f2ef}</UniqueIdentifier>
    </Filter>
    <Filter Include="Source Files\User Interface">
      <UniqueIdentifier>{341db283-f33d-48ca-848d-2c437f7d2de7}</UniqueIdentifier>
    </Filter>
    <Filter Include="Header Files\User Interface">
      <UniqueIdentifier>{2e600e35-8f05-48d8-8253-42eb829f15ed}</UniqueIdentifier>
    </Filter>
    <Filter Include="Header Files\Driver">
      <UniqueIdentifier>{0e663298-4cdf-411a-a33c-2095d0f1bece}</UniqueIdentifier>
    </Filter>
    <Filter Include="Source Files\Driver">
      <UniqueIdentifier>{b81f4833-bc87-4988-bf4f-471cb0aad546}</UniqueIdentifier>
    </Filter>
    <Filter Include="x64">
      <UniqueIdentifier>{2b334da7-c507-467b-83cd-84b74afc5168}</UniqueIdentifier>
    </Filter>
    <Filter Include="x86">
      <UniqueIdentifier>{b33eefaf-0fd0-453a-8b54-2248e202b1d6}</UniqueIdentifier>
    </Filter>
    <Filter Include="ARM64">
      <UniqueIdentifier>{09f05083-eb2e-45e6-ac68-5aa55123afd6}</UniqueIdentifier>
    </Filter>
  </ItemGroup>
  <ItemGroup>
    <ClInclude Include="stdafx.h">
      <Filter>Header Files\User Interface</Filter>
    </ClInclude>
    <ClInclude Include="targetver.h">
      <Filter>Header Files\User Interface</Filter>
    </ClInclude>
    <ClInclude Include="Resource.h">
      <Filter>Header Files\User Interface</Filter>
    </ClInclude>
    <ClInclude Include="APP_ReaderThread.h">
      <Filter>Header Files\Application</Filter>
    </ClInclude>
    <ClInclude Include="APP_WriterThread.h">
      <Filter>Header Files\Application</Filter>
    </ClInclude>
    <ClInclude Include="APP_Utils.h">
      <Filter>Header Files\Application</Filter>
    </ClInclude>
    <ClInclude Include="UI_Manager.h">
      <Filter>Header Files\User Interface</Filter>
    </ClInclude>
    <ClInclude Include="APP_TaskManager.h">
      <Filter>Header Files\Application</Filter>
    </ClInclude>
    <ClInclude Include="APP_Task.h">
      <Filter>Header Files\Application</Filter>
    </ClInclude>
    <ClInclude Include="APP_Device.h">
      <Filter>Header Files\Application</Filter>
    </ClInclude>
    <ClInclude Include="APP_Logger.h">
      <Filter>Header Files\Application</Filter>
    </ClInclude>
    <ClInclude Include="UI.h">
      <Filter>Header Files\User Interface</Filter>
    </ClInclude>
    <ClInclude Include="DRV_DriverInterface.h">
      <Filter>Header Files\Driver</Filter>
    </ClInclude>
    <ClInclude Include="FTD3XXLibrary\FTD3XX.h">
      <Filter>Header Files\Driver</Filter>
    </ClInclude>
    <ClInclude Include="UI_DataStreamer.h">
      <Filter>Header Files\User Interface</Filter>
    </ClInclude>
    <ClInclude Include="APP_PayloadGeneration.h">
      <Filter>Header Files\Application</Filter>
    </ClInclude>
  </ItemGroup>
  <ItemGroup>
    <ClCompile Include="stdafx.cpp">
      <Filter>Source Files\User Interface</Filter>
    </ClCompile>
    <ClCompile Include="APP_ReaderThread.cpp">
      <Filter>Source Files\Application</Filter>
    </ClCompile>
    <ClCompile Include="APP_WriterThread.cpp">
      <Filter>Source Files\Application</Filter>
    </ClCompile>
    <ClCompile Include="UI_Manager.cpp">
      <Filter>Source Files\User Interface</Filter>
    </ClCompile>
    <ClCompile Include="APP_Logger.cpp">
      <Filter>Source Files\Application</Filter>
    </ClCompile>
    <ClCompile Include="APP_TaskManager.cpp">
      <Filter>Source Files\Application</Filter>
    </ClCompile>
    <ClCompile Include="DRV_DriverInterface.cpp">
      <Filter>Source Files\Driver</Filter>
    </ClCompile>
    <ClCompile Include="UI_DataStreamer.cpp">
      <Filter>Source Files\User Interface</Filter>
    </ClCompile>
    <ClCompile Include="APP_PayloadGeneration.cpp">
      <Filter>Source Files\Application</Filter>
    </ClCompile>
  </ItemGroup>
  <ItemGroup>
    <None Include="res\FT600DataStreamer.rc2">
      <Filter>Resource Files</Filter>
    </None>
  </ItemGroup>
  <ItemGroup>
    <Image Include="res\FT600DataStreamer.ico">
      <Filter>Resource Files</Filter>
    </Image>
  </ItemGroup>
  <ItemGroup>
    <ResourceCompile Include="FT600DataStreamer.rc">
      <Filter>Resource Files</Filter>
    </ResourceCompile>
  </ItemGroup>
  <ItemGroup>
    <Library Include="..\..\..\WU_FTD3XXLib\Lib\Static\x86\FTD3XXWU.lib">
      <Filter>x86</Filter>
    </Library>
    <Library Include="..\..\..\WU_FTD3XXLib\Lib\Static\x64\FTD3XXWU.lib">
      <Filter>x64</Filter>
    </Library>
    <Library Include="..\..\..\WU_FTD3XXLib\Lib\Static\ARM64\FTD3XXWU.lib">
      <Filter>ARM64</Filter>
    </Library>
  </ItemGroup>
</Project>